
Microsoft Visual Studio Solution File, Format Version 12.00
# Visual Studio Version 16
VisualStudioVersion = 25.0.1706.5
MinimumVisualStudioVersion = 10.0.40219.1
Project("{FAE04EC0-301F-11D3-BF4B-00C04F79EFBC}") = "postsWebApi", "postsWebApi.csproj", "{AE3A2AF8-8B4D-4233-8C2E-F9733EBCA207}"
EndProject
Global
	GlobalSection(SolutionConfigurationPlatforms) = preSolution
		Debug|Any CPU = Debug|Any CPU
		Release|Any CPU = Release|Any CPU
	EndGlobalSection
	GlobalSection(ProjectConfigurationPlatforms) = postSolution
		{AE3A2AF8-8B4D-4233-8C2E-F9733EBCA207}.Debug|Any CPU.ActiveCfg = Debug|Any CPU
		{AE3A2AF8-8B4D-4233-8C2E-F9733EBCA207}.Debug|Any CPU.Build.0 = Debug|Any CPU
		{AE3A2AF8-8B4D-4233-8C2E-F9733EBCA207}.Release|Any CPU.ActiveCfg = Release|Any CPU
		{AE3A2AF8-8B4D-4233-8C2E-F9733EBCA207}.Release|Any CPU.Build.0 = Release|Any CPU
	EndGlobalSection
	GlobalSection(SolutionProperties) = preSolution
		HideSolutionNode = FALSE
	EndGlobalSection
	GlobalSection(ExtensibilityGlobals) = postSolution
		SolutionGuid = {54BC1EC0-4F52-4238-80E5-F3EF83E5CB2E}
	EndGlobalSection
EndGlobal
